
Microsoft Visual Studio Solution File, Format Version 12.00
# Visual Studio 2013
VisualStudioVersion = 12.0.31101.0
MinimumVisualStudioVersion = 10.0.40219.1
Project("{FAE04EC0-301F-11D3-BF4B-00C04F79EFBC}") = "Notus.Portal", "Notus.Portal\Notus.Portal.csproj", "{9B8CFC51-D611-4A5C-B9B7-CEC272F5CE08}"
EndProject
Global
	GlobalSection(SolutionConfigurationPlatforms) = preSolution
		Debug|Any CPU = Debug|Any CPU
		Release|Any CPU = Release|Any CPU
	EndGlobalSection
	GlobalSection(ProjectConfigurationPlatforms) = postSolution
		{9B8CFC51-D611-4A5C-B9B7-CEC272F5CE08}.Debug|Any CPU.ActiveCfg = Debug|Any CPU
		{9B8CFC51-D611-4A5C-B9B7-CEC272F5CE08}.Debug|Any CPU.Build.0 = Debug|Any CPU
		{9B8CFC51-D611-4A5C-B9B7-CEC272F5CE08}.Release|Any CPU.ActiveCfg = Release|Any CPU
		{9B8CFC51-D611-4A5C-B9B7-CEC272F5CE08}.Release|Any CPU.Build.0 = Release|Any CPU
	EndGlobalSection
	GlobalSection(SolutionProperties) = preSolution
		HideSolutionNode = FALSE
	EndGlobalSection
EndGlobal
